
Microsoft Visual Studio Solution File, Format Version 12.00
# Visual Studio Version 17
VisualStudioVersion = 17.11.35208.52
MinimumVisualStudioVersion = 10.0.40219.1
Project("{FAE04EC0-301F-11D3-BF4B-00C04F79EFBC}") = "PatternInterview", "PatternInterview\PatternInterview.csproj", "{4703F62D-2121-488E-87F3-C001D00E3C82}"
EndProject
Global
	GlobalSection(SolutionConfigurationPlatforms) = preSolution
		Debug|Any CPU = Debug|Any CPU
		Release|Any CPU = Release|Any CPU
	EndGlobalSection
	GlobalSection(ProjectConfigurationPlatforms) = postSolution
		{4703F62D-2121-488E-87F3-C001D00E3C82}.Debug|Any CPU.ActiveCfg = Debug|Any CPU
		{4703F62D-2121-488E-87F3-C001D00E3C82}.Debug|Any CPU.Build.0 = Debug|Any CPU
		{4703F62D-2121-488E-87F3-C001D00E3C82}.Release|Any CPU.ActiveCfg = Release|Any CPU
		{4703F62D-2121-488E-87F3-C001D00E3C82}.Release|Any CPU.Build.0 = Release|Any CPU
	EndGlobalSection
	GlobalSection(SolutionProperties) = preSolution
		HideSolutionNode = FALSE
	EndGlobalSection
	GlobalSection(ExtensibilityGlobals) = postSolution
		SolutionGuid = {CD3C4F6B-42FC-47D3-827F-B5F10B21FC71}
	EndGlobalSection
EndGlobal
